{
  "name": "@tscircuit/docs",
  "lockfileVersion": 3,
  "requires": true,
  "packages": {
    "": {
      "name": "@tscircuit/docs",
      "dependencies": {
        "@tscircuit/builder": "latest",
        "zod-to-ts": "^1.2.0"
      },
      "devDependencies": {
        "@types/bun": "latest",
        "typescript": "^5.4.4"
      },
      "peerDependencies": {
        "typescript": "^5.0.0"
      }
    },
    "node_modules/@babel/runtime": {
      "version": "7.24.4",
      "license": "MIT",
      "dependencies": {
        "regenerator-runtime": "^0.14.0"
      },
      "engines": {
        "node": ">=6.9.0"
      }
    },
    "node_modules/@lume/kiwi": {
      "version": "0.1.0",
      "license": "BSD-3-Clause"
    },
    "node_modules/@tscircuit/builder": {
      "version": "1.5.38",
      "resolved": "https://registry.npmjs.org/@tscircuit/builder/-/builder-1.5.38.tgz",
      "integrity": "sha512-Qx5QIxWfLBpNMDeUm8wv0fqWXf+ySD8flhOPDAdX5V2C4IPvKMRJ1XAW7jpbiNtJ1DPH2IYEox+fFNJby+w2Mw==",
      "dependencies": {
        "@lume/kiwi": "^0.1.0",
        "@tscircuit/footprints": "^0.0.14",
        "@tscircuit/routing": "^1.3.1",
        "@tscircuit/sparkfun-packages": "^1.2.0",
        "convert-units": "^2.3.4",
        "rectilinear-router": "^1.0.1",
        "svg-path-bounds": "^1.0.2",
        "transformation-matrix": "^2.12.0"
      }
    },
    "node_modules/@tscircuit/footprints": {
      "version": "0.0.14",
      "dependencies": {
        "@tscircuit/mm": "^0.0.4"
      },
      "peerDependencies": {
        "typescript": "^5.0.0"
      }
    },
    "node_modules/@tscircuit/mm": {
      "version": "0.0.4",
      "dependencies": {
        "convert-units": "^2.3.4"
      },
      "peerDependencies": {
        "typescript": "^5.0.0"
      }
    },
    "node_modules/@tscircuit/routing": {
      "version": "1.3.1",
      "license": "ISC",
      "dependencies": {
        "pathfinding": "^0.4.18",
        "react-error-boundary": "^4.0.11"
      }
    },
    "node_modules/@tscircuit/sparkfun-packages": {
      "version": "1.2.0",
      "license": "MIT",
      "dependencies": {
        "change-case": "^5.4.3"
      }
    },
    "node_modules/@types/bun": {
      "version": "1.0.12",
      "resolved": "https://registry.npmjs.org/@types/bun/-/bun-1.0.12.tgz",
      "integrity": "sha512-qPb5FcygbpSS1NDBjWyQCWeI9kKXwSYSR1Enu7yb+gMXgFwGMhlyOvgV/7FGrdvAjlSXWRY6IDepos7k8WzAtQ==",
      "dev": true,
      "dependencies": {
        "bun-types": "1.0.36"
      }
    },
    "node_modules/@types/node": {
      "version": "20.11.30",
      "dev": true,
      "license": "MIT",
      "dependencies": {
        "undici-types": "~5.26.4"
      }
    },
    "node_modules/@types/ws": {
      "version": "8.5.10",
      "dev": true,
      "license": "MIT",
      "dependencies": {
        "@types/node": "*"
      }
    },
    "node_modules/abs-svg-path": {
      "version": "0.1.1",
      "license": "MIT"
    },
    "node_modules/bun-types": {
      "version": "1.0.36",
      "dev": true,
      "license": "MIT",
      "dependencies": {
        "@types/node": "~20.11.3",
        "@types/ws": "~8.5.10"
      }
    },
    "node_modules/change-case": {
      "version": "5.4.4",
      "license": "MIT"
    },
    "node_modules/convert-units": {
      "version": "2.3.4",
      "license": "MIT",
      "dependencies": {
        "lodash.foreach": "2.3.x",
        "lodash.keys": "2.3.x"
      }
    },
    "node_modules/glpk.js": {
      "version": "4.0.2",
      "license": "GPL-3.0",
      "dependencies": {
        "pako": "^2.0.4"
      }
    },
    "node_modules/heap": {
      "version": "0.2.5"
    },
    "node_modules/is-svg-path": {
      "version": "1.0.2",
      "license": "MIT"
    },
    "node_modules/js-tokens": {
      "version": "4.0.0",
      "license": "MIT",
      "peer": true
    },
    "node_modules/lodash": {
      "version": "4.17.21",
      "license": "MIT"
    },
    "node_modules/lodash._basebind": {
      "version": "2.3.0",
      "license": "MIT",
      "dependencies": {
        "lodash._basecreate": "~2.3.0",
        "lodash._setbinddata": "~2.3.0",
        "lodash.isobject": "~2.3.0"
      }
    },
    "node_modules/lodash._basecreate": {
      "version": "2.3.0",
      "license": "MIT",
      "dependencies": {
        "lodash._renative": "~2.3.0",
        "lodash.isobject": "~2.3.0",
        "lodash.noop": "~2.3.0"
      }
    },
    "node_modules/lodash._basecreatecallback": {
      "version": "2.3.0",
      "license": "MIT",
      "dependencies": {
        "lodash._setbinddata": "~2.3.0",
        "lodash.bind": "~2.3.0",
        "lodash.identity": "~2.3.0",
        "lodash.support": "~2.3.0"
      }
    },
    "node_modules/lodash._basecreatewrapper": {
      "version": "2.3.0",
      "license": "MIT",
      "dependencies": {
        "lodash._basecreate": "~2.3.0",
        "lodash._setbinddata": "~2.3.0",
        "lodash._slice": "~2.3.0",
        "lodash.isobject": "~2.3.0"
      }
    },
    "node_modules/lodash._createwrapper": {
      "version": "2.3.0",
      "license": "MIT",
      "dependencies": {
        "lodash._basebind": "~2.3.0",
        "lodash._basecreatewrapper": "~2.3.0",
        "lodash.isfunction": "~2.3.0"
      }
    },
    "node_modules/lodash._objecttypes": {
      "version": "2.3.0",
      "license": "MIT"
    },
    "node_modules/lodash._renative": {
      "version": "2.3.0",
      "license": "MIT"
    },
    "node_modules/lodash._setbinddata": {
      "version": "2.3.0",
      "license": "MIT",
      "dependencies": {
        "lodash._renative": "~2.3.0",
        "lodash.noop": "~2.3.0"
      }
    },
    "node_modules/lodash._shimkeys": {
      "version": "2.3.0",
      "license": "MIT",
      "dependencies": {
        "lodash._objecttypes": "~2.3.0"
      }
    },
    "node_modules/lodash._slice": {
      "version": "2.3.0",
      "license": "MIT"
    },
    "node_modules/lodash.bind": {
      "version": "2.3.0",
      "license": "MIT",
      "dependencies": {
        "lodash._createwrapper": "~2.3.0",
        "lodash._renative": "~2.3.0",
        "lodash._slice": "~2.3.0"
      }
    },
    "node_modules/lodash.foreach": {
      "version": "2.3.0",
      "license": "MIT",
      "dependencies": {
        "lodash._basecreatecallback": "~2.3.0",
        "lodash.forown": "~2.3.0"
      }
    },
    "node_modules/lodash.forown": {
      "version": "2.3.0",
      "license": "MIT",
      "dependencies": {
        "lodash._basecreatecallback": "~2.3.0",
        "lodash._objecttypes": "~2.3.0",
        "lodash.keys": "~2.3.0"
      }
    },
    "node_modules/lodash.identity": {
      "version": "2.3.0",
      "license": "MIT"
    },
    "node_modules/lodash.isfunction": {
      "version": "2.3.0",
      "license": "MIT"
    },
    "node_modules/lodash.isobject": {
      "version": "2.3.0",
      "license": "MIT",
      "dependencies": {
        "lodash._objecttypes": "~2.3.0"
      }
    },
    "node_modules/lodash.keys": {
      "version": "2.3.0",
      "license": "MIT",
      "dependencies": {
        "lodash._renative": "~2.3.0",
        "lodash._shimkeys": "~2.3.0",
        "lodash.isobject": "~2.3.0"
      }
    },
    "node_modules/lodash.noop": {
      "version": "2.3.0",
      "license": "MIT"
    },
    "node_modules/lodash.support": {
      "version": "2.3.0",
      "license": "MIT",
      "dependencies": {
        "lodash._renative": "~2.3.0"
      }
    },
    "node_modules/loose-envify": {
      "version": "1.4.0",
      "license": "MIT",
      "peer": true,
      "dependencies": {
        "js-tokens": "^3.0.0 || ^4.0.0"
      },
      "bin": {
        "loose-envify": "cli.js"
      }
    },
    "node_modules/normalize-svg-path": {
      "version": "1.1.0",
      "license": "MIT",
      "dependencies": {
        "svg-arc-to-cubic-bezier": "^3.0.0"
      }
    },
    "node_modules/pako": {
      "version": "2.1.0",
      "license": "(MIT AND Zlib)"
    },
    "node_modules/parse-svg-path": {
      "version": "0.1.2",
      "license": "MIT"
    },
    "node_modules/pathfinding": {
      "version": "0.4.18",
      "dependencies": {
        "heap": "0.2.5"
      }
    },
    "node_modules/react": {
      "version": "18.2.0",
      "license": "MIT",
      "peer": true,
      "dependencies": {
        "loose-envify": "^1.1.0"
      },
      "engines": {
        "node": ">=0.10.0"
      }
    },
    "node_modules/react-error-boundary": {
      "version": "4.0.13",
      "license": "MIT",
      "dependencies": {
        "@babel/runtime": "^7.12.5"
      },
      "peerDependencies": {
        "react": ">=16.13.1"
      }
    },
    "node_modules/rectilinear-router": {
      "version": "1.0.1",
      "license": "MIT",
      "dependencies": {
        "lodash": "^4.17.21",
        "rsmt-ts": "^1.1.4"
      }
    },
    "node_modules/regenerator-runtime": {
      "version": "0.14.1",
      "license": "MIT"
    },
    "node_modules/rsmt-ts": {
      "version": "1.1.6",
      "license": "MIT",
      "dependencies": {
        "glpk.js": "^4.0.1"
      }
    },
    "node_modules/svg-arc-to-cubic-bezier": {
      "version": "3.2.0",
      "license": "ISC"
    },
    "node_modules/svg-path-bounds": {
      "version": "1.0.2",
      "license": "MIT",
      "dependencies": {
        "abs-svg-path": "^0.1.1",
        "is-svg-path": "^1.0.1",
        "normalize-svg-path": "^1.0.0",
        "parse-svg-path": "^0.1.2"
      }
    },
    "node_modules/transformation-matrix": {
      "version": "2.16.1",
      "license": "MIT",
      "funding": {
        "url": "https://github.com/sponsors/chrvadala"
      }
    },
    "node_modules/typescript": {
      "version": "5.4.4",
      "resolved": "https://registry.npmjs.org/typescript/-/typescript-5.4.4.tgz",
      "integrity": "sha512-dGE2Vv8cpVvw28v8HCPqyb08EzbBURxDpuhJvTrusShUfGnhHBafDsLdS1EhhxyL6BJQE+2cT3dDPAv+MQ6oLw==",
      "bin": {
        "tsc": "bin/tsc",
        "tsserver": "bin/tsserver"
      },
      "engines": {
        "node": ">=14.17"
      }
    },
    "node_modules/undici-types": {
      "version": "5.26.5",
      "dev": true,
      "license": "MIT"
    },
    "node_modules/zod": {
      "version": "3.22.4",
      "license": "MIT",
      "peer": true,
      "funding": {
        "url": "https://github.com/sponsors/colinhacks"
      }
    },
    "node_modules/zod-to-ts": {
      "version": "1.2.0",
      "peerDependencies": {
        "typescript": "^4.9.4 || ^5.0.2",
        "zod": "^3"
      }
    }
  }
}
